
Microsoft Visual Studio Solution File, Format Version 12.00
# Visual Studio Version 17
VisualStudioVersion = 17.5.002.0
MinimumVisualStudioVersion = 10.0.40219.1
Project("{2150E333-8FDC-42A3-9474-1A3956D46DE8}") = "MusicManagerClassLib", "MusicManagerClassLib", "{FDCC5859-3361-45FC-803F-19F429592CEB}"
EndProject
Project("{9A19103F-16F7-4668-BE54-9A1E7A4F7556}") = "MusicManagerClassLib", "MusicManagerClassLib\MusicManagerClassLib\MusicManagerClassLib.csproj", "{C08EA8B1-5485-4971-A96B-EFEAC91C9E98}"
EndProject
Global
	GlobalSection(SolutionConfigurationPlatforms) = preSolution
		Debug|Any CPU = Debug|Any CPU
		Release|Any CPU = Release|Any CPU
	EndGlobalSection
	GlobalSection(ProjectConfigurationPlatforms) = postSolution
		{C08EA8B1-5485-4971-A96B-EFEAC91C9E98}.Debug|Any CPU.ActiveCfg = Debug|Any CPU
		{C08EA8B1-5485-4971-A96B-EFEAC91C9E98}.Debug|Any CPU.Build.0 = Debug|Any CPU
		{C08EA8B1-5485-4971-A96B-EFEAC91C9E98}.Release|Any CPU.ActiveCfg = Release|Any CPU
		{C08EA8B1-5485-4971-A96B-EFEAC91C9E98}.Release|Any CPU.Build.0 = Release|Any CPU
	EndGlobalSection
	GlobalSection(SolutionProperties) = preSolution
		HideSolutionNode = FALSE
	EndGlobalSection
	GlobalSection(NestedProjects) = preSolution
		{C08EA8B1-5485-4971-A96B-EFEAC91C9E98} = {FDCC5859-3361-45FC-803F-19F429592CEB}
	EndGlobalSection
	GlobalSection(ExtensibilityGlobals) = postSolution
		SolutionGuid = {B9D7D0AD-4E2A-4263-9129-BCFD354ADBE8}
	EndGlobalSection
EndGlobal
